// !$*UTF8*$!
{
	archiveVersion = 1;
	classes = {
	};
	objectVersion = 46;
	objects = {

/* Begin PBXBuildFile section */
		28C4DDE51CACC96F0035FE92 /* AppDelegate.swift in Sources */ = {isa = PBXBuildFile; fileRef = 28C4DDE41CACC96F0035FE92 /* AppDelegate.swift */; };
		28C4DDE71CACC96F0035FE92 /* ViewController.swift in Sources */ = {isa = PBXBuildFile; fileRef = 28C4DDE61CACC96F0035FE92 /* ViewController.swift */; };
		28C4DDEA1CACC96F0035FE92 /* Main.storyboard in Resources */ = {isa = PBXBuildFile; fileRef = 28C4DDE81CACC96F0035FE92 /* Main.storyboard */; };
		28C4DDEC1CACC96F0035FE92 /* Assets.xcassets in Resources */ = {isa = PBXBuildFile; fileRef = 28C4DDEB1CACC96F0035FE92 /* Assets.xcassets */; };
		28C4DDEF1CACC96F0035FE92 /* LaunchScreen.storyboard in Resources */ = {isa = PBXBuildFile; fileRef = 28C4DDED1CACC96F0035FE92 /* LaunchScreen.storyboard */; };
		28C4DDFA1CACC96F0035FE92 /* SwiftClassAndStructTests.swift in Sources */ = {isa = PBXBuildFile; fileRef = 28C4DDF91CACC96F0035FE92 /* SwiftClassAndStructTests.swift */; };
		28C4DE051CACC96F0035FE92 /* SwiftClassAndStructUITests.swift in Sources */ = {isa = PBXBuildFile; fileRef = 28C4DE041CACC96F0035FE92 /* SwiftClassAndStructUITests.swift */; };
		28C4DE131CACCADF0035FE92 /* ClassAndStruct.swift in Sources */ = {isa = PBXBuildFile; fileRef = 28C4DE121CACCADF0035FE92 /* ClassAndStruct.swift */; };
/* End PBXBuildFile section */

/* Begin PBXContainerItemProxy section */
		28C4DDF61CACC96F0035FE92 /* PBXContainerItemProxy */ = {
			isa = PBXContainerItemProxy;
			containerPortal = 28C4DDD91CACC96F0035FE92 /* Project object */;
			proxyType = 1;
			remoteGlobalIDString = 28C4DDE01CACC96F0035FE92;
			remoteInfo = SwiftClassAndStruct;
		};
		28C4DE011CACC96F0035FE92 /* PBXContainerItemProxy */ = {
			isa = PBXContainerItemProxy;
			containerPortal = 28C4DDD91CACC96F0035FE92 /* Project object */;
			proxyType = 1;
			remoteGlobalIDString = 28C4DDE01CACC96F0035FE92;
			remoteInfo = SwiftClassAndStruct;
		};
/* End PBXContainerItemProxy section */

/* Begin PBXFileReference section */
		28C4DDE11CACC96F0035FE92 /* SwiftClassAndStruct.app */ = {isa = PBXFileReference; explicitFileType = wrapper.application; includeInIndex = 0; path = SwiftClassAndStruct.app; sourceTree = BUILT_PRODUCTS_DIR; };
		28C4DDE41CACC96F0035FE92 /* AppDelegate.swift */ = {isa = PBXFileReference; lastKnownFileType = sourcecode.swift; path = AppDelegate.swift; sourceTree = "<group>"; };
		28C4DDE61CACC96F0035FE92 /* ViewController.swift */ = {isa = PBXFileReference; lastKnownFileType = sourcecode.swift; path = ViewController.swift; sourceTree = "<group>"; };
		28C4DDE91CACC96F0035FE92 /* Base */ = {isa = PBXFileReference; lastKnownFileType = file.storyboard; name = Base; path = Base.lproj/Main.storyboard; sourceTree = "<group>"; };
		28C4DDEB1CACC96F0035FE92 /* Assets.xcassets */ = {isa = PBXFileReference; lastKnownFileType = folder.assetcatalog; path = Assets.xcassets; sourceTree = "<group>"; };
		28C4DDEE1CACC96F0035FE92 /* Base */ = {isa = PBXFileReference; lastKnownFileType = file.storyboard; name = Base; path = Base.lproj/LaunchScreen.storyboard; sourceTree = "<group>"; };
		28C4DDF01CACC96F0035FE92 /* Info.plist */ = {isa = PBXFileReference; lastKnownFileType = text.plist.xml; path = Info.plist; sourceTree = "<group>"; };
		28C4DDF51CACC96F0035FE92 /* SwiftClassAndStructTests.xctest */ = {isa = PBXFileReference; explicitFileType = wrapper.cfbundle; includeInIndex = 0; path = SwiftClassAndStructTests.xctest; sourceTree = BUILT_PRODUCTS_DIR; };
		28C4DDF91CACC96F0035FE92 /* SwiftClassAndStructTests.swift */ = {isa = PBXFileReference; lastKnownFileType = sourcecode.swift; path = SwiftClassAndStructTests.swift; sourceTree = "<group>"; };
		28C4DDFB1CACC96F0035FE92 /* Info.plist */ = {isa = PBXFileReference; lastKnownFileType = text.plist.xml; path = Info.plist; sourceTree = "<group>"; };
		28C4DE001CACC96F0035FE92 /* SwiftClassAndStructUITests.xctest */ = {isa = PBXFileReference; explicitFileType = wrapper.cfbundle; includeInIndex = 0; path = SwiftClassAndStructUITests.xctest; sourceTree = BUILT_PRODUCTS_DIR; };
		28C4DE041CACC96F0035FE92 /* SwiftClassAndStructUITests.swift */ = {isa = PBXFileReference; lastKnownFileType = sourcecode.swift; path = SwiftClassAndStructUITests.swift; sourceTree = "<group>"; };
		28C4DE061CACC96F0035FE92 /* Info.plist */ = {isa = PBXFileReference; lastKnownFileType = text.plist.xml; path = Info.plist; sourceTree = "<group>"; };
		28C4DE121CACCADF0035FE92 /* ClassAndStruct.swift */ = {isa = PBXFileReference; fileEncoding = 4; lastKnownFileType = sourcecode.swift; path = ClassAndStruct.swift; sourceTree = "<group>"; };
/* End PBXFileReference section */

/* Begin PBXFrameworksBuildPhase section */
		28C4DDDE1CACC96F0035FE92 /* Frameworks */ = {
			isa = PBXFrameworksBuildPhase;
			buildActionMask = 2147483647;
			files = (
			);
			runOnlyForDeploymentPostprocessing = 0;
		};
		28C4DDF21CACC96F0035FE92 /* Frameworks */ = {
			isa = PBXFrameworksBuildPhase;
			buildActionMask = 2147483647;
			files = (
			);
			runOnlyForDeploymentPostprocessing = 0;
		};
		28C4DDFD1CACC96F0035FE92 /* Frameworks */ = {
			isa = PBXFrameworksBuildPhase;
			buildActionMask = 2147483647;
			files = (
			);
			runOnlyForDeploymentPostprocessing = 0;
		};
/* End PBXFrameworksBuildPhase section */

/* Begin PBXGroup section */
		28C4DDD81CACC96F0035FE92 = {
			isa = PBXGroup;
			children = (
				28C4DDE31CACC96F0035FE92 /* SwiftClassAndStruct */,
				28C4DDF81CACC96F0035FE92 /* SwiftClassAndStructTests */,
				28C4DE031CACC96F0035FE92 /* SwiftClassAndStructUITests */,
				28C4DDE21CACC96F0035FE92 /* Products */,
			);
			sourceTree = "<group>";
		};
		28C4DDE21CACC96F0035FE92 /* Products */ = {
			isa = PBXGroup;
			children = (
				28C4DDE11CACC96F0035FE92 /* SwiftClassAndStruct.app */,
				28C4DDF51CACC96F0035FE92 /* SwiftClassAndStructTests.xctest */,
				28C4DE001CACC96F0035FE92 /* SwiftClassAndStructUITests.xctest */,
			);
			name = Products;
			sourceTree = "<group>";
		};
		28C4DDE31CACC96F0035FE92 /* SwiftClassAndStruct */ = {
			isa = PBXGroup;
			children = (
				28C4DDE41CACC96F0035FE92 /* AppDelegate.swift */,
				28C4DDE61CACC96F0035FE92 /* ViewController.swift */,
				28C4DE121CACCADF0035FE92 /* ClassAndStruct.swift */,
				28C4DDE81CACC96F0035FE92 /* Main.storyboard */,
				28C4DDEB1CACC96F0035FE92 /* Assets.xcassets */,
				28C4DDED1CACC96F0035FE92 /* LaunchScreen.storyboard */,
				28C4DDF01CACC96F0035FE92 /* Info.plist */,
			);
			path = SwiftClassAndStruct;
			sourceTree = "<group>";
		};
		28C4DDF81CACC96F0035FE92 /* SwiftClassAndStructTests */ = {
			isa = PBXGroup;
			children = (
				28C4DDF91CACC96F0035FE92 /* SwiftClassAndStructTests.swift */,
				28C4DDFB1CACC96F0035FE92 /* Info.plist */,
			);
			path = SwiftClassAndStructTests;
			sourceTree = "<group>";
		};
		28C4DE031CACC96F0035FE92 /* SwiftClassAndStructUITests */ = {
			isa = PBXGroup;
			children = (
				28C4DE041CACC96F0035FE92 /* SwiftClassAndStructUITests.swift */,
				28C4DE061CACC96F0035FE92 /* Info.plist */,
			);
			path = SwiftClassAndStructUITests;
			sourceTree = "<group>";
		};
/* End PBXGroup section */

/* Begin PBXNativeTarget section */
		28C4DDE01CACC96F0035FE92 /* SwiftClassAndStruct */ = {
			isa = PBXNativeTarget;
			buildConfigurationList = 28C4DE091CACC96F0035FE92 /* Build configuration list for PBXNativeTarget "SwiftClassAndStruct" */;
			buildPhases = (
				28C4DDDD1CACC96F0035FE92 /* Sources */,
				28C4DDDE1CACC96F0035FE92 /* Frameworks */,
				28C4DDDF1CACC96F0035FE92 /* Resources */,
			);
			buildRules = (
			);
			dependencies = (
			);
			name = SwiftClassAndStruct;
			productName = SwiftClassAndStruct;
			productReference = 28C4DDE11CACC96F0035FE92 /* SwiftClassAndStruct.app */;
			productType = "com.apple.product-type.application";
		};
		28C4DDF41CACC96F0035FE92 /* SwiftClassAndStructTests */ = {
			isa = PBXNativeTarget;
			buildConfigurationList = 28C4DE0C1CACC96F0035FE92 /* Build configuration list for PBXNativeTarget "SwiftClassAndStructTests" */;
			buildPhases = (
				28C4DDF11CACC96F0035FE92 /* Sources */,
				28C4DDF21CACC96F0035FE92 /* Frameworks */,
				28C4DDF31CACC96F0035FE92 /* Resources */,
			);
			buildRules = (
			);
			dependencies = (
				28C4DDF71CACC96F0035FE92 /* PBXTargetDependency */,
			);
			name = SwiftClassAndStructTests;
			productName = SwiftClassAndStructTests;
			productReference = 28C4DDF51CACC96F0035FE92 /* SwiftClassAndStructTests.xctest */;
			productType = "com.apple.product-type.bundle.unit-test";
		};
		28C4DDFF1CACC96F0035FE92 /* SwiftClassAndStructUITests */ = {
			isa = PBXNativeTarget;
			buildConfigurationList = 28C4DE0F1CACC96F0035FE92 /* Build configuration list for PBXNativeTarget "SwiftClassAndStructUITests" */;
			buildPhases = (
				28C4DDFC1CACC96F0035FE92 /* Sources */,
				28C4DDFD1CACC96F0035FE92 /* Frameworks */,
				28C4DDFE1CACC96F0035FE92 /* Resources */,
			);
			buildRules = (
			);
			dependencies = (
				28C4DE021CACC96F0035FE92 /* PBXTargetDependency */,
			);
			name = SwiftClassAndStructUITests;
			productName = SwiftClassAndStructUITests;
			productReference = 28C4DE001CACC96F0035FE92 /* SwiftClassAndStructUITests.xctest */;
			productType = "com.apple.product-type.bundle.ui-testing";
		};
/* End PBXNativeTarget section */

/* Begin PBXProject section */
		28C4DDD91CACC96F0035FE92 /* Project object */ = {
			isa = PBXProject;
			attributes = {
				LastSwiftUpdateCheck = 0720;
				LastUpgradeCheck = 0720;
				ORGANIZATIONNAME = SY;
				TargetAttributes = {
					28C4DDE01CACC96F0035FE92 = {
						CreatedOnToolsVersion = 7.2.1;
					};
					28C4DDF41CACC96F0035FE92 = {
						CreatedOnToolsVersion = 7.2.1;
						TestTargetID = 28C4DDE01CACC96F0035FE92;
					};
					28C4DDFF1CACC96F0035FE92 = {
						CreatedOnToolsVersion = 7.2.1;
						TestTargetID = 28C4DDE01CACC96F0035FE92;
					};
				};
			};
			buildConfigurationList = 28C4DDDC1CACC96F0035FE92 /* Build configuration list for PBXProject "SwiftClassAndStruct" */;
			compatibilityVersion = "Xcode 3.2";
			developmentRegion = English;
			hasScannedForEncodings = 0;
			knownRegions = (
				en,
				Base,
			);
			mainGroup = 28C4DDD81CACC96F0035FE92;
			productRefGroup = 28C4DDE21CACC96F0035FE92 /* Products */;
			projectDirPath = "";
			projectRoot = "";
			targets = (
				28C4DDE01CACC96F0035FE92 /* SwiftClassAndStruct */,
				28C4DDF41CACC96F0035FE92 /* SwiftClassAndStructTests */,
				28C4DDFF1CACC96F0035FE92 /* SwiftClassAndStructUITests */,
			);
		};
/* End PBXProject section */

/* Begin PBXResourcesBuildPhase section */
		28C4DDDF1CACC96F0035FE92 /* Resources */ = {
			isa = PBXResourcesBuildPhase;
			buildActionMask = 2147483647;
			files = (
				28C4DDEF1CACC96F0035FE92 /* LaunchScreen.storyboard in Resources */,
				28C4DDEC1CACC96F0035FE92 /* Assets.xcassets in Resources */,
				28C4DDEA1CACC96F0035FE92 /* Main.storyboard in Resources */,
			);
			runOnlyForDeploymentPostprocessing = 0;
		};
		28C4DDF31CACC96F0035FE92 /* Resources */ = {
			isa = PBXResourcesBuildPhase;
			buildActionMask = 2147483647;
			files = (
			);
			runOnlyForDeploymentPostprocessing = 0;
		};
		28C4DDFE1CACC96F0035FE92 /* Resources */ = {
			isa = PBXResourcesBuildPhase;
			buildActionMask = 2147483647;
			files = (
			);
			runOnlyForDeploymentPostprocessing = 0;
		};
/* End PBXResourcesBuildPhase section */

/* Begin PBXSourcesBuildPhase section */
		28C4DDDD1CACC96F0035FE92 /* Sources */ = {
			isa = PBXSourcesBuildPhase;
			buildActionMask = 2147483647;
			files = (
				28C4DE131CACCADF0035FE92 /* ClassAndStruct.swift in Sources */,
				28C4DDE71CACC96F0035FE92 /* ViewController.swift in Sources */,
				28C4DDE51CACC96F0035FE92 /* AppDelegate.swift in Sources */,
			);
			runOnlyForDeploymentPostprocessing = 0;
		};
		28C4DDF11CACC96F0035FE92 /* Sources */ = {
			isa = PBXSourcesBuildPhase;
			buildActionMask = 2147483647;
			files = (
				28C4DDFA1CACC96F0035FE92 /* SwiftClassAndStructTests.swift in Sources */,
			);
			runOnlyForDeploymentPostprocessing = 0;
		};
		28C4DDFC1CACC96F0035FE92 /* Sources */ = {
			isa = PBXSourcesBuildPhase;
			buildActionMask = 2147483647;
			files = (
				28C4DE051CACC96F0035FE92 /* SwiftClassAndStructUITests.swift in Sources */,
			);
			runOnlyForDeploymentPostprocessing = 0;
		};
/* End PBXSourcesBuildPhase section */

/* Begin PBXTargetDependency section */
		28C4DDF71CACC96F0035FE92 /* PBXTargetDependency */ = {
			isa = PBXTargetDependency;
			target = 28C4DDE01CACC96F0035FE92 /* SwiftClassAndStruct */;
			targetProxy = 28C4DDF61CACC96F0035FE92 /* PBXContainerItemProxy */;
		};
		28C4DE021CACC96F0035FE92 /* PBXTargetDependency */ = {
			isa = PBXTargetDependency;
			target = 28C4DDE01CACC96F0035FE92 /* SwiftClassAndStruct */;
			targetProxy = 28C4DE011CACC96F0035FE92 /* PBXContainerItemProxy */;
		};
/* End PBXTargetDependency section */

/* Begin PBXVariantGroup section */
		28C4DDE81CACC96F0035FE92 /* Main.storyboard */ = {
			isa = PBXVariantGroup;
			children = (
				28C4DDE91CACC96F0035FE92 /* Base */,
			);
			name = Main.storyboard;
			sourceTree = "<group>";
		};
		28C4DDED1CACC96F0035FE92 /* LaunchScreen.storyboard */ = {
			isa = PBXVariantGroup;
			children = (
				28C4DDEE1CACC96F0035FE92 /* Base */,
			);
			name = LaunchScreen.storyboard;
			sourceTree = "<group>";
		};
/* End PBXVariantGroup section */

/* Begin XCBuildConfiguration section */
		28C4DE071CACC96F0035FE92 /* Debug */ = {
			isa = XCBuildConfiguration;
			buildSettings = {
				ALWAYS_SEARCH_USER_PATHS = NO;
				CLANG_CXX_LANGUAGE_STANDARD = "gnu++0x";
				CLANG_CXX_LIBRARY = "libc++";
				CLANG_ENABLE_MODULES = YES;
				CLANG_ENABLE_OBJC_ARC = YES;
				CLANG_WARN_BOOL_CONVERSION = YES;
				CLANG_WARN_CONSTANT_CONVERSION = YES;
				CLANG_WARN_DIRECT_OBJC_ISA_USAGE = YES_ERROR;
				CLANG_WARN_EMPTY_BODY = YES;
				CLANG_WARN_ENUM_CONVERSION = YES;
				CLANG_WARN_INT_CONVERSION = YES;
				CLANG_WARN_OBJC_ROOT_CLASS = YES_ERROR;
				CLANG_WARN_UNREACHABLE_CODE = YES;
				CLANG_WARN__DUPLICATE_METHOD_MATCH = YES;
				"CODE_SIGN_IDENTITY[sdk=iphoneos*]" = "iPhone Developer";
				COPY_PHASE_STRIP = NO;
				DEBUG_INFORMATION_FORMAT = dwarf;
				ENABLE_STRICT_OBJC_MSGSEND = YES;
				ENABLE_TESTABILITY = YES;
				GCC_C_LANGUAGE_STANDARD = gnu99;
				GCC_DYNAMIC_NO_PIC = NO;
				GCC_NO_COMMON_BLOCKS = YES;
				GCC_OPTIMIZATION_LEVEL = 0;
				GCC_PREPROCESSOR_DEFINITIONS = (
					"DEBUG=1",
					"$(inherited)",
				);
				GCC_WARN_64_TO_32_BIT_CONVERSION = YES;
				GCC_WARN_ABOUT_RETURN_TYPE = YES_ERROR;
				GCC_WARN_UNDECLARED_SELECTOR = YES;
				GCC_WARN_UNINITIALIZED_AUTOS = YES_AGGRESSIVE;
				GCC_WARN_UNUSED_FUNCTION = YES;
				GCC_WARN_UNUSED_VARIABLE = YES;
				IPHONEOS_DEPLOYMENT_TARGET = 8.0;
				MTL_ENABLE_DEBUG_INFO = YES;
				ONLY_ACTIVE_ARCH = YES;
				SDKROOT = iphoneos;
				SWIFT_OPTIMIZATION_LEVEL = "-Onone";
			};
			name = Debug;
		};
		28C4DE081CACC96F0035FE92 /* Release */ = {
			isa = XCBuildConfiguration;
			buildSettings = {
				ALWAYS_SEARCH_USER_PATHS = NO;
				CLANG_CXX_LANGUAGE_STANDARD = "gnu++0x";
				CLANG_CXX_LIBRARY = "libc++";
				CLANG_ENABLE_MODULES = YES;
				CLANG_ENABLE_OBJC_ARC = YES;
				CLANG_WARN_BOOL_CONVERSION = YES;
				CLANG_WARN_CONSTANT_CONVERSION = YES;
				CLANG_WARN_DIRECT_OBJC_ISA_USAGE = YES_ERROR;
				CLANG_WARN_EMPTY_BODY = YES;
				CLANG_WARN_ENUM_CONVERSION = YES;
				CLANG_WARN_INT_CONVERSION = YES;
				CLANG_WARN_OBJC_ROOT_CLASS = YES_ERROR;
				CLANG_WARN_UNREACHABLE_CODE = YES;
				CLANG_WARN__DUPLICATE_METHOD_MATCH = YES;
				"CODE_SIGN_IDENTITY[sdk=iphoneos*]" = "iPhone Developer";
				COPY_PHASE_STRIP = NO;
				DEBUG_INFORMATION_FORMAT = "dwarf-with-dsym";
				ENABLE_NS_ASSERTIONS = NO;
				ENABLE_STRICT_OBJC_MSGSEND = YES;
				GCC_C_LANGUAGE_STANDARD = gnu99;
				GCC_NO_COMMON_BLOCKS = YES;
				GCC_WARN_64_TO_32_BIT_CONVERSION = YES;
				GCC_WARN_ABOUT_RETURN_TYPE = YES_ERROR;
				GCC_WARN_UNDECLARED_SELECTOR = YES;
				GCC_WARN_UNINITIALIZED_AUTOS = YES_AGGRESSIVE;
				GCC_WARN_UNUSED_FUNCTION = YES;
				GCC_WARN_UNUSED_VARIABLE = YES;
				IPHONEOS_DEPLOYMENT_TARGET = 8.0;
				MTL_ENABLE_DEBUG_INFO = NO;
				SDKROOT = iphoneos;
				VALIDATE_PRODUCT = YES;
			};
			name = Release;
		};
		28C4DE0A1CACC96F0035FE92 /* Debug */ = {
			isa = XCBuildConfiguration;
			buildSettings = {
				ASSETCATALOG_COMPILER_APPICON_NAME = AppIcon;
				INFOPLIST_FILE = SwiftClassAndStruct/Info.plist;
				LD_RUNPATH_SEARCH_PATHS = "$(inherited) @executable_path/Frameworks";
				PRODUCT_BUNDLE_IDENTIFIER = com.bravesoft.SwiftClassAndStruct;
				PRODUCT_NAME = "$(TARGET_NAME)";
			};
			name = Debug;
		};
		28C4DE0B1CACC96F0035FE92 /* Release */ = {
			isa = XCBuildConfiguration;
			buildSettings = {
				ASSETCATALOG_COMPILER_APPICON_NAME = AppIcon;
				INFOPLIST_FILE = SwiftClassAndStruct/Info.plist;
				LD_RUNPATH_SEARCH_PATHS = "$(inherited) @executable_path/Frameworks";
				PRODUCT_BUNDLE_IDENTIFIER = com.bravesoft.SwiftClassAndStruct;
				PRODUCT_NAME = "$(TARGET_NAME)";
			};
			name = Release;
		};
		28C4DE0D1CACC96F0035FE92 /* Debug */ = {
			isa = XCBuildConfiguration;
			buildSettings = {
				BUNDLE_LOADER = "$(TEST_HOST)";
				INFOPLIST_FILE = SwiftClassAndStructTests/Info.plist;
				LD_RUNPATH_SEARCH_PATHS = "$(inherited) @executable_path/Frameworks @loader_path/Frameworks";
				PRODUCT_BUNDLE_IDENTIFIER = com.bravesoft.SwiftClassAndStructTests;
				PRODUCT_NAME = "$(TARGET_NAME)";
				TEST_HOST = "$(BUILT_PRODUCTS_DIR)/SwiftClassAndStruct.app/SwiftClassAndStruct";
			};
			name = Debug;
		};
		28C4DE0E1CACC96F0035FE92 /* Release */ = {
			isa = XCBuildConfiguration;
			buildSettings = {
				BUNDLE_LOADER = "$(TEST_HOST)";
				INFOPLIST_FILE = SwiftClassAndStructTests/Info.plist;
				LD_RUNPATH_SEARCH_PATHS = "$(inherited) @executable_path/Frameworks @loader_path/Frameworks";
				PRODUCT_BUNDLE_IDENTIFIER = com.bravesoft.SwiftClassAndStructTests;
				PRODUCT_NAME = "$(TARGET_NAME)";
				TEST_HOST = "$(BUILT_PRODUCTS_DIR)/SwiftClassAndStruct.app/SwiftClassAndStruct";
			};
			name = Release;
		};
		28C4DE101CACC96F0035FE92 /* Debug */ = {
			isa = XCBuildConfiguration;
			buildSettings = {
				INFOPLIST_FILE = SwiftClassAndStructUITests/Info.plist;
				LD_RUNPATH_SEARCH_PATHS = "$(inherited) @executable_path/Frameworks @loader_path/Frameworks";
				PRODUCT_BUNDLE_IDENTIFIER = com.bravesoft.SwiftClassAndStructUITests;
				PRODUCT_NAME = "$(TARGET_NAME)";
				TEST_TARGET_NAME = SwiftClassAndStruct;
				USES_XCTRUNNER = YES;
			};
			name = Debug;
		};
		28C4DE111CACC96F0035FE92 /* Release */ = {
			isa = XCBuildConfiguration;
			buildSettings = {
				INFOPLIST_FILE = SwiftClassAndStructUITests/Info.plist;
				LD_RUNPATH_SEARCH_PATHS = "$(inherited) @executable_path/Frameworks @loader_path/Frameworks";
				PRODUCT_BUNDLE_IDENTIFIER = com.bravesoft.SwiftClassAndStructUITests;
				PRODUCT_NAME = "$(TARGET_NAME)";
				TEST_TARGET_NAME = SwiftClassAndStruct;
				USES_XCTRUNNER = YES;
			};
			name = Release;
		};
/* End XCBuildConfiguration section */

/* Begin XCConfigurationList section */
		28C4DDDC1CACC96F0035FE92 /* Build configuration list for PBXProject "SwiftClassAndStruct" */ = {
			isa = XCConfigurationList;
			buildConfigurations = (
				28C4DE071CACC96F0035FE92 /* Debug */,
				28C4DE081CACC96F0035FE92 /* Release */,
			);
			defaultConfigurationIsVisible = 0;
			defaultConfigurationName = Release;
		};
		28C4DE091CACC96F0035FE92 /* Build configuration list for PBXNativeTarget "SwiftClassAndStruct" */ = {
			isa = XCConfigurationList;
			buildConfigurations = (
				28C4DE0A1CACC96F0035FE92 /* Debug */,
				28C4DE0B1CACC96F0035FE92 /* Release */,
			);
			defaultConfigurationIsVisible = 0;
			defaultConfigurationName = Release;
		};
		28C4DE0C1CACC96F0035FE92 /* Build configuration list for PBXNativeTarget "SwiftClassAndStructTests" */ = {
			isa = XCConfigurationList;
			buildConfigurations = (
				28C4DE0D1CACC96F0035FE92 /* Debug */,
				28C4DE0E1CACC96F0035FE92 /* Release */,
			);
			defaultConfigurationIsVisible = 0;
			defaultConfigurationName = Release;
		};
		28C4DE0F1CACC96F0035FE92 /* Build configuration list for PBXNativeTarget "SwiftClassAndStructUITests" */ = {
			isa = XCConfigurationList;
			buildConfigurations = (
				28C4DE101CACC96F0035FE92 /* Debug */,
				28C4DE111CACC96F0035FE92 /* Release */,
			);
			defaultConfigurationIsVisible = 0;
			defaultConfigurationName = Release;
		};
/* End XCConfigurationList section */
	};
	rootObject = 28C4DDD91CACC96F0035FE92 /* Project object */;
}
